
Microsoft Visual Studio Solution File, Format Version 12.00
# Visual Studio Version 17
VisualStudioVersion = 17.2.32519.379
MinimumVisualStudioVersion = 10.0.40219.1
Project("{FAE04EC0-301F-11D3-BF4B-00C04F79EFBC}") = "Gr44EmptyMVC", "Gr44EmptyMVC\Gr44EmptyMVC.csproj", "{5058F57B-91EF-47BA-B8CD-DFD93F154B92}"
EndProject
Global
	GlobalSection(SolutionConfigurationPlatforms) = preSolution
		Debug|Any CPU = Debug|Any CPU
		Release|Any CPU = Release|Any CPU
	EndGlobalSection
	GlobalSection(ProjectConfigurationPlatforms) = postSolution
		{5058F57B-91EF-47BA-B8CD-DFD93F154B92}.Debug|Any CPU.ActiveCfg = Debug|Any CPU
		{5058F57B-91EF-47BA-B8CD-DFD93F154B92}.Debug|Any CPU.Build.0 = Debug|Any CPU
		{5058F57B-91EF-47BA-B8CD-DFD93F154B92}.Release|Any CPU.ActiveCfg = Release|Any CPU
		{5058F57B-91EF-47BA-B8CD-DFD93F154B92}.Release|Any CPU.Build.0 = Release|Any CPU
	EndGlobalSection
	GlobalSection(SolutionProperties) = preSolution
		HideSolutionNode = FALSE
	EndGlobalSection
	GlobalSection(ExtensibilityGlobals) = postSolution
		SolutionGuid = {7BFBA635-0209-4085-B077-2AB29B69AF4A}
	EndGlobalSection
EndGlobal
